
Microsoft Visual Studio Solution File, Format Version 12.00
# Visual Studio Version 17
VisualStudioVersion = 17.11.35312.102
MinimumVisualStudioVersion = 10.0.40219.1
Project("{9A19103F-16F7-4668-BE54-9A1E7A4F7556}") = "CSharpLearning", "CSharpLearning\CSharpLearning.csproj", "{001C5F09-AC64-4621-8CF1-109781BE5F5D}"
EndProject
Global
	GlobalSection(SolutionConfigurationPlatforms) = preSolution
		Debug|Any CPU = Debug|Any CPU
		Release|Any CPU = Release|Any CPU
	EndGlobalSection
	GlobalSection(ProjectConfigurationPlatforms) = postSolution
		{001C5F09-AC64-4621-8CF1-109781BE5F5D}.Debug|Any CPU.ActiveCfg = Debug|Any CPU
		{001C5F09-AC64-4621-8CF1-109781BE5F5D}.Debug|Any CPU.Build.0 = Debug|Any CPU
		{001C5F09-AC64-4621-8CF1-109781BE5F5D}.Release|Any CPU.ActiveCfg = Release|Any CPU
		{001C5F09-AC64-4621-8CF1-109781BE5F5D}.Release|Any CPU.Build.0 = Release|Any CPU
	EndGlobalSection
	GlobalSection(SolutionProperties) = preSolution
		HideSolutionNode = FALSE
	EndGlobalSection
	GlobalSection(ExtensibilityGlobals) = postSolution
		SolutionGuid = {F0F7265D-F179-4401-9F1B-BBE1016F565C}
	EndGlobalSection
EndGlobal
